
Microsoft Visual Studio Solution File, Format Version 12.00
# Visual Studio Version 16
VisualStudioVersion = 16.0.30907.101
MinimumVisualStudioVersion = 10.0.40219.1
Project("{FAE04EC0-301F-11D3-BF4B-00C04F79EFBC}") = "MatchingGame", "MatchingGame.csproj", "{1090FC4A-0C3D-4D4D-9296-6A340658DDF5}"
EndProject
Global
	GlobalSection(SolutionConfigurationPlatforms) = preSolution
		Debug|Any CPU = Debug|Any CPU
		Release|Any CPU = Release|Any CPU
	EndGlobalSection
	GlobalSection(ProjectConfigurationPlatforms) = postSolution
		{1090FC4A-0C3D-4D4D-9296-6A340658DDF5}.Debug|Any CPU.ActiveCfg = Debug|Any CPU
		{1090FC4A-0C3D-4D4D-9296-6A340658DDF5}.Debug|Any CPU.Build.0 = Debug|Any CPU
		{1090FC4A-0C3D-4D4D-9296-6A340658DDF5}.Release|Any CPU.ActiveCfg = Release|Any CPU
		{1090FC4A-0C3D-4D4D-9296-6A340658DDF5}.Release|Any CPU.Build.0 = Release|Any CPU
	EndGlobalSection
	GlobalSection(SolutionProperties) = preSolution
		HideSolutionNode = FALSE
	EndGlobalSection
	GlobalSection(ExtensibilityGlobals) = postSolution
		SolutionGuid = {F2025DFA-62DB-4402-8320-27E06889918E}
	EndGlobalSection
EndGlobal
